
Microsoft Visual Studio Solution File, Format Version 12.00
# Visual Studio 15
VisualStudioVersion = 15.0.28307.1433
MinimumVisualStudioVersion = 10.0.40219.1
Project("{8BC9CEB8-8B4A-11D0-8D11-00A0C91BC942}") = "week8", "week8\week8.vcxproj", "{ACC9FB8F-FCF8-4035-BFAC-734D6074F6E9}"
EndProject
Global
	GlobalSection(SolutionConfigurationPlatforms) = preSolution
		Debug|x64 = Debug|x64
		Debug|x86 = Debug|x86
		Release|x64 = Release|x64
		Release|x86 = Release|x86
	EndGlobalSection
	GlobalSection(ProjectConfigurationPlatforms) = postSolution
		{ACC9FB8F-FCF8-4035-BFAC-734D6074F6E9}.Debug|x64.ActiveCfg = Debug|x64
		{ACC9FB8F-FCF8-4035-BFAC-734D6074F6E9}.Debug|x64.Build.0 = Debug|x64
		{ACC9FB8F-FCF8-4035-BFAC-734D6074F6E9}.Debug|x86.ActiveCfg = Debug|Win32
		{ACC9FB8F-FCF8-4035-BFAC-734D6074F6E9}.Debug|x86.Build.0 = Debug|Win32
		{ACC9FB8F-FCF8-4035-BFAC-734D6074F6E9}.Release|x64.ActiveCfg = Release|x64
		{ACC9FB8F-FCF8-4035-BFAC-734D6074F6E9}.Release|x64.Build.0 = Release|x64
		{ACC9FB8F-FCF8-4035-BFAC-734D6074F6E9}.Release|x86.ActiveCfg = Release|Win32
		{ACC9FB8F-FCF8-4035-BFAC-734D6074F6E9}.Release|x86.Build.0 = Release|Win32
	EndGlobalSection
	GlobalSection(SolutionProperties) = preSolution
		HideSolutionNode = FALSE
	EndGlobalSection
	GlobalSection(ExtensibilityGlobals) = postSolution
		SolutionGuid = {DB6B3A01-58B4-4D76-A49C-955CE52FB2EC}
	EndGlobalSection
EndGlobal
